
Microsoft Visual Studio Solution File, Format Version 12.00
# Visual Studio Version 17
VisualStudioVersion = 17.8.34330.188
MinimumVisualStudioVersion = 10.0.40219.1
Project("{9A19103F-16F7-4668-BE54-9A1E7A4F7556}") = "CoursePlatform.WebApi", "CoursePlatform\CoursePlatform.WebApi.csproj", "{98FBB0A7-FB88-4100-8CAC-BA24197EFE20}"
EndProject
Project("{9A19103F-16F7-4668-BE54-9A1E7A4F7556}") = "CoursePlatform.Common", "CoursePlatform.Common\CoursePlatform.Common.csproj", "{D8C3A32B-19A1-4378-81B3-A956747E4007}"
EndProject
Global
	GlobalSection(SolutionConfigurationPlatforms) = preSolution
		Debug|Any CPU = Debug|Any CPU
		Release|Any CPU = Release|Any CPU
	EndGlobalSection
	GlobalSection(ProjectConfigurationPlatforms) = postSolution
		{98FBB0A7-FB88-4100-8CAC-BA24197EFE20}.Debug|Any CPU.ActiveCfg = Debug|Any CPU
		{98FBB0A7-FB88-4100-8CAC-BA24197EFE20}.Debug|Any CPU.Build.0 = Debug|Any CPU
		{98FBB0A7-FB88-4100-8CAC-BA24197EFE20}.Release|Any CPU.ActiveCfg = Release|Any CPU
		{98FBB0A7-FB88-4100-8CAC-BA24197EFE20}.Release|Any CPU.Build.0 = Release|Any CPU
		{D8C3A32B-19A1-4378-81B3-A956747E4007}.Debug|Any CPU.ActiveCfg = Debug|Any CPU
		{D8C3A32B-19A1-4378-81B3-A956747E4007}.Debug|Any CPU.Build.0 = Debug|Any CPU
		{D8C3A32B-19A1-4378-81B3-A956747E4007}.Release|Any CPU.ActiveCfg = Release|Any CPU
		{D8C3A32B-19A1-4378-81B3-A956747E4007}.Release|Any CPU.Build.0 = Release|Any CPU
	EndGlobalSection
	GlobalSection(SolutionProperties) = preSolution
		HideSolutionNode = FALSE
	EndGlobalSection
	GlobalSection(ExtensibilityGlobals) = postSolution
		SolutionGuid = {5820A6C1-5CBB-4513-89B2-CEA7BCE5A5E4}
	EndGlobalSection
EndGlobal
